// !$*UTF8*$!
{
	archiveVersion = 1;
	classes = {
	};
	objectVersion = 55;
	objects = {

/* Begin PBXBuildFile section */
		8D9FC6C128870BDC00AD9924 /* WeatherDemoApp.swift in Sources */ = {isa = PBXBuildFile; fileRef = 8D9FC6C028870BDC00AD9924 /* WeatherDemoApp.swift */; };
		8D9FC6C328870BDC00AD9924 /* ContentView.swift in Sources */ = {isa = PBXBuildFile; fileRef = 8D9FC6C228870BDC00AD9924 /* ContentView.swift */; };
		8D9FC6C528870BDE00AD9924 /* Assets.xcassets in Resources */ = {isa = PBXBuildFile; fileRef = 8D9FC6C428870BDE00AD9924 /* Assets.xcassets */; };
		8D9FC6C828870BDE00AD9924 /* Preview Assets.xcassets in Resources */ = {isa = PBXBuildFile; fileRef = 8D9FC6C728870BDE00AD9924 /* Preview Assets.xcassets */; };
		8D9FC6D228870E3B00AD9924 /* CityCell.swift in Sources */ = {isa = PBXBuildFile; fileRef = 8D9FC6D128870E3B00AD9924 /* CityCell.swift */; };
		8D9FC6D428870E4400AD9924 /* CityList.swift in Sources */ = {isa = PBXBuildFile; fileRef = 8D9FC6D328870E4400AD9924 /* CityList.swift */; };
		8D9FC6DA2887107200AD9924 /* Kingfisher in Frameworks */ = {isa = PBXBuildFile; productRef = 8D9FC6D92887107200AD9924 /* Kingfisher */; };
		8D9FC6E2288713DA00AD9924 /* CityWeatherModel.swift in Sources */ = {isa = PBXBuildFile; fileRef = 8D9FC6E1288713DA00AD9924 /* CityWeatherModel.swift */; };
		8D9FC6E42887162F00AD9924 /* CityWeatherViewModel.swift in Sources */ = {isa = PBXBuildFile; fileRef = 8D9FC6E32887162F00AD9924 /* CityWeatherViewModel.swift */; };
		8D9FC6E92887856800AD9924 /* Helpers.swift in Sources */ = {isa = PBXBuildFile; fileRef = 8D9FC6E82887856800AD9924 /* Helpers.swift */; };
		8D9FC6EC2887869A00AD9924 /* LoadWeatherRequest.swift in Sources */ = {isa = PBXBuildFile; fileRef = 8D9FC6EB2887869A00AD9924 /* LoadWeatherRequest.swift */; };
		8D9FC6EE288786FF00AD9924 /* AppError.swift in Sources */ = {isa = PBXBuildFile; fileRef = 8D9FC6ED288786FF00AD9924 /* AppError.swift */; };
		8DBB74FE288D062100CA0D75 /* Store.swift in Sources */ = {isa = PBXBuildFile; fileRef = 8DBB74FD288D062100CA0D75 /* Store.swift */; };
		8DBB7500288D064B00CA0D75 /* AppState.swift in Sources */ = {isa = PBXBuildFile; fileRef = 8DBB74FF288D064B00CA0D75 /* AppState.swift */; };
		8DBB7502288D06A000CA0D75 /* AppCommand.swift in Sources */ = {isa = PBXBuildFile; fileRef = 8DBB7501288D06A000CA0D75 /* AppCommand.swift */; };
		8DBB7504288D06D600CA0D75 /* AppAction.swift in Sources */ = {isa = PBXBuildFile; fileRef = 8DBB7503288D06D600CA0D75 /* AppAction.swift */; };
		8DBB750C288D182200CA0D75 /* weatherDemoTests.swift in Sources */ = {isa = PBXBuildFile; fileRef = 8DBB750B288D182200CA0D75 /* weatherDemoTests.swift */; };
		8DBB7513288D229D00CA0D75 /* WeatherModel.swift in Sources */ = {isa = PBXBuildFile; fileRef = 8DBB7512288D229D00CA0D75 /* WeatherModel.swift */; };
/* End PBXBuildFile section */

/* Begin PBXContainerItemProxy section */
		8DBB750D288D182200CA0D75 /* PBXContainerItemProxy */ = {
			isa = PBXContainerItemProxy;
			containerPortal = 8D9FC6B528870BDC00AD9924 /* Project object */;
			proxyType = 1;
			remoteGlobalIDString = 8D9FC6BC28870BDC00AD9924;
			remoteInfo = weatherDemo;
		};
/* End PBXContainerItemProxy section */

/* Begin PBXFileReference section */
		8D9FC6BD28870BDC00AD9924 /* weatherDemo.app */ = {isa = PBXFileReference; explicitFileType = wrapper.application; includeInIndex = 0; path = weatherDemo.app; sourceTree = BUILT_PRODUCTS_DIR; };
		8D9FC6C028870BDC00AD9924 /* WeatherDemoApp.swift */ = {isa = PBXFileReference; lastKnownFileType = sourcecode.swift; path = WeatherDemoApp.swift; sourceTree = "<group>"; };
		8D9FC6C228870BDC00AD9924 /* ContentView.swift */ = {isa = PBXFileReference; lastKnownFileType = sourcecode.swift; path = ContentView.swift; sourceTree = "<group>"; };
		8D9FC6C428870BDE00AD9924 /* Assets.xcassets */ = {isa = PBXFileReference; lastKnownFileType = folder.assetcatalog; path = Assets.xcassets; sourceTree = "<group>"; };
		8D9FC6C728870BDE00AD9924 /* Preview Assets.xcassets */ = {isa = PBXFileReference; lastKnownFileType = folder.assetcatalog; path = "Preview Assets.xcassets"; sourceTree = "<group>"; };
		8D9FC6D128870E3B00AD9924 /* CityCell.swift */ = {isa = PBXFileReference; lastKnownFileType = sourcecode.swift; path = CityCell.swift; sourceTree = "<group>"; };
		8D9FC6D328870E4400AD9924 /* CityList.swift */ = {isa = PBXFileReference; lastKnownFileType = sourcecode.swift; path = CityList.swift; sourceTree = "<group>"; };
		8D9FC6E1288713DA00AD9924 /* CityWeatherModel.swift */ = {isa = PBXFileReference; lastKnownFileType = sourcecode.swift; path = CityWeatherModel.swift; sourceTree = "<group>"; };
		8D9FC6E32887162F00AD9924 /* CityWeatherViewModel.swift */ = {isa = PBXFileReference; lastKnownFileType = sourcecode.swift; path = CityWeatherViewModel.swift; sourceTree = "<group>"; };
		8D9FC6E52887808A00AD9924 /* Info.plist */ = {isa = PBXFileReference; lastKnownFileType = text.plist; path = Info.plist; sourceTree = "<group>"; };
		8D9FC6E82887856800AD9924 /* Helpers.swift */ = {isa = PBXFileReference; lastKnownFileType = sourcecode.swift; path = Helpers.swift; sourceTree = "<group>"; };
		8D9FC6EB2887869A00AD9924 /* LoadWeatherRequest.swift */ = {isa = PBXFileReference; lastKnownFileType = sourcecode.swift; path = LoadWeatherRequest.swift; sourceTree = "<group>"; };
		8D9FC6ED288786FF00AD9924 /* AppError.swift */ = {isa = PBXFileReference; lastKnownFileType = sourcecode.swift; path = AppError.swift; sourceTree = "<group>"; };
		8DBB74FD288D062100CA0D75 /* Store.swift */ = {isa = PBXFileReference; lastKnownFileType = sourcecode.swift; path = Store.swift; sourceTree = "<group>"; };
		8DBB74FF288D064B00CA0D75 /* AppState.swift */ = {isa = PBXFileReference; lastKnownFileType = sourcecode.swift; path = AppState.swift; sourceTree = "<group>"; };
		8DBB7501288D06A000CA0D75 /* AppCommand.swift */ = {isa = PBXFileReference; lastKnownFileType = sourcecode.swift; path = AppCommand.swift; sourceTree = "<group>"; };
		8DBB7503288D06D600CA0D75 /* AppAction.swift */ = {isa = PBXFileReference; lastKnownFileType = sourcecode.swift; path = AppAction.swift; sourceTree = "<group>"; };
		8DBB7509288D182200CA0D75 /* weatherDemoTests.xctest */ = {isa = PBXFileReference; explicitFileType = wrapper.cfbundle; includeInIndex = 0; path = weatherDemoTests.xctest; sourceTree = BUILT_PRODUCTS_DIR; };
		8DBB750B288D182200CA0D75 /* weatherDemoTests.swift */ = {isa = PBXFileReference; lastKnownFileType = sourcecode.swift; path = weatherDemoTests.swift; sourceTree = "<group>"; };
		8DBB7512288D229D00CA0D75 /* WeatherModel.swift */ = {isa = PBXFileReference; lastKnownFileType = sourcecode.swift; path = WeatherModel.swift; sourceTree = "<group>"; };
/* End PBXFileReference section */

/* Begin PBXFrameworksBuildPhase section */
		8D9FC6BA28870BDC00AD9924 /* Frameworks */ = {
			isa = PBXFrameworksBuildPhase;
			buildActionMask = 2147483647;
			files = (
				8D9FC6DA2887107200AD9924 /* Kingfisher in Frameworks */,
			);
			runOnlyForDeploymentPostprocessing = 0;
		};
		8DBB7506288D182200CA0D75 /* Frameworks */ = {
			isa = PBXFrameworksBuildPhase;
			buildActionMask = 2147483647;
			files = (
			);
			runOnlyForDeploymentPostprocessing = 0;
		};
/* End PBXFrameworksBuildPhase section */

/* Begin PBXGroup section */
		8D9FC6B428870BDC00AD9924 = {
			isa = PBXGroup;
			children = (
				8D9FC6BF28870BDC00AD9924 /* weatherDemo */,
				8DBB750A288D182200CA0D75 /* weatherDemoTests */,
				8D9FC6BE28870BDC00AD9924 /* Products */,
			);
			sourceTree = "<group>";
		};
		8D9FC6BE28870BDC00AD9924 /* Products */ = {
			isa = PBXGroup;
			children = (
				8D9FC6BD28870BDC00AD9924 /* weatherDemo.app */,
				8DBB7509288D182200CA0D75 /* weatherDemoTests.xctest */,
			);
			name = Products;
			sourceTree = "<group>";
		};
		8D9FC6BF28870BDC00AD9924 /* weatherDemo */ = {
			isa = PBXGroup;
			children = (
				8D9FC6EA2887867E00AD9924 /* Networking */,
				8D9FC6E72887853B00AD9924 /* Utils */,
				8D9FC6E6288781E800AD9924 /* DataFlow */,
				8D9FC6E52887808A00AD9924 /* Info.plist */,
				8D9FC6C028870BDC00AD9924 /* WeatherDemoApp.swift */,
				8D9FC6C228870BDC00AD9924 /* ContentView.swift */,
				8D9FC6DD2887112900AD9924 /* Model */,
				8D9FC6D028870E2200AD9924 /* View */,
				8D9FC6C428870BDE00AD9924 /* Assets.xcassets */,
				8D9FC6C628870BDE00AD9924 /* Preview Content */,
			);
			path = weatherDemo;
			sourceTree = "<group>";
		};
		8D9FC6C628870BDE00AD9924 /* Preview Content */ = {
			isa = PBXGroup;
			children = (
				8D9FC6C728870BDE00AD9924 /* Preview Assets.xcassets */,
			);
			path = "Preview Content";
			sourceTree = "<group>";
		};
		8D9FC6D028870E2200AD9924 /* View */ = {
			isa = PBXGroup;
			children = (
				8D9FC6D128870E3B00AD9924 /* CityCell.swift */,
				8D9FC6D328870E4400AD9924 /* CityList.swift */,
			);
			path = View;
			sourceTree = "<group>";
		};
		8D9FC6DD2887112900AD9924 /* Model */ = {
			isa = PBXGroup;
			children = (
				8D9FC6E02887114A00AD9924 /* ViewModel */,
				8D9FC6DE2887113400AD9924 /* DataModel */,
			);
			path = Model;
			sourceTree = "<group>";
		};
		8D9FC6DE2887113400AD9924 /* DataModel */ = {
			isa = PBXGroup;
			children = (
				8D9FC6E1288713DA00AD9924 /* CityWeatherModel.swift */,
				8DBB7512288D229D00CA0D75 /* WeatherModel.swift */,
			);
			path = DataModel;
			sourceTree = "<group>";
		};
		8D9FC6E02887114A00AD9924 /* ViewModel */ = {
			isa = PBXGroup;
			children = (
				8D9FC6E32887162F00AD9924 /* CityWeatherViewModel.swift */,
			);
			path = ViewModel;
			sourceTree = "<group>";
		};
		8D9FC6E6288781E800AD9924 /* DataFlow */ = {
			isa = PBXGroup;
			children = (
				8D9FC6ED288786FF00AD9924 /* AppError.swift */,
				8DBB74FD288D062100CA0D75 /* Store.swift */,
				8DBB74FF288D064B00CA0D75 /* AppState.swift */,
				8DBB7501288D06A000CA0D75 /* AppCommand.swift */,
				8DBB7503288D06D600CA0D75 /* AppAction.swift */,
			);
			path = DataFlow;
			sourceTree = "<group>";
		};
		8D9FC6E72887853B00AD9924 /* Utils */ = {
			isa = PBXGroup;
			children = (
				8D9FC6E82887856800AD9924 /* Helpers.swift */,
			);
			path = Utils;
			sourceTree = "<group>";
		};
		8D9FC6EA2887867E00AD9924 /* Networking */ = {
			isa = PBXGroup;
			children = (
				8D9FC6EB2887869A00AD9924 /* LoadWeatherRequest.swift */,
			);
			path = Networking;
			sourceTree = "<group>";
		};
		8DBB750A288D182200CA0D75 /* weatherDemoTests */ = {
			isa = PBXGroup;
			children = (
				8DBB750B288D182200CA0D75 /* weatherDemoTests.swift */,
			);
			path = weatherDemoTests;
			sourceTree = "<group>";
		};
/* End PBXGroup section */

/* Begin PBXNativeTarget section */
		8D9FC6BC28870BDC00AD9924 /* weatherDemo */ = {
			isa = PBXNativeTarget;
			buildConfigurationList = 8D9FC6CB28870BDE00AD9924 /* Build configuration list for PBXNativeTarget "weatherDemo" */;
			buildPhases = (
				8D9FC6B928870BDC00AD9924 /* Sources */,
				8D9FC6BA28870BDC00AD9924 /* Frameworks */,
				8D9FC6BB28870BDC00AD9924 /* Resources */,
			);
			buildRules = (
			);
			dependencies = (
			);
			name = weatherDemo;
			packageProductDependencies = (
				8D9FC6D92887107200AD9924 /* Kingfisher */,
			);
			productName = weatherDemo;
			productReference = 8D9FC6BD28870BDC00AD9924 /* weatherDemo.app */;
			productType = "com.apple.product-type.application";
		};
		8DBB7508288D182200CA0D75 /* weatherDemoTests */ = {
			isa = PBXNativeTarget;
			buildConfigurationList = 8DBB750F288D182200CA0D75 /* Build configuration list for PBXNativeTarget "weatherDemoTests" */;
			buildPhases = (
				8DBB7505288D182200CA0D75 /* Sources */,
				8DBB7506288D182200CA0D75 /* Frameworks */,
				8DBB7507288D182200CA0D75 /* Resources */,
			);
			buildRules = (
			);
			dependencies = (
				8DBB750E288D182200CA0D75 /* PBXTargetDependency */,
			);
			name = weatherDemoTests;
			productName = weatherDemoTests;
			productReference = 8DBB7509288D182200CA0D75 /* weatherDemoTests.xctest */;
			productType = "com.apple.product-type.bundle.unit-test";
		};
/* End PBXNativeTarget section */

/* Begin PBXProject section */
		8D9FC6B528870BDC00AD9924 /* Project object */ = {
			isa = PBXProject;
			attributes = {
				BuildIndependentTargetsInParallel = 1;
				LastSwiftUpdateCheck = 1340;
				LastUpgradeCheck = 1340;
				TargetAttributes = {
					8D9FC6BC28870BDC00AD9924 = {
						CreatedOnToolsVersion = 13.4.1;
					};
					8DBB7508288D182200CA0D75 = {
						CreatedOnToolsVersion = 13.4.1;
						TestTargetID = 8D9FC6BC28870BDC00AD9924;
					};
				};
			};
			buildConfigurationList = 8D9FC6B828870BDC00AD9924 /* Build configuration list for PBXProject "weatherDemo" */;
			compatibilityVersion = "Xcode 13.0";
			developmentRegion = en;
			hasScannedForEncodings = 0;
			knownRegions = (
				en,
				Base,
			);
			mainGroup = 8D9FC6B428870BDC00AD9924;
			packageReferences = (
				8D9FC6D82887107200AD9924 /* XCRemoteSwiftPackageReference "Kingfisher" */,
			);
			productRefGroup = 8D9FC6BE28870BDC00AD9924 /* Products */;
			projectDirPath = "";
			projectRoot = "";
			targets = (
				8D9FC6BC28870BDC00AD9924 /* weatherDemo */,
				8DBB7508288D182200CA0D75 /* weatherDemoTests */,
			);
		};
/* End PBXProject section */

/* Begin PBXResourcesBuildPhase section */
		8D9FC6BB28870BDC00AD9924 /* Resources */ = {
			isa = PBXResourcesBuildPhase;
			buildActionMask = 2147483647;
			files = (
				8D9FC6C828870BDE00AD9924 /* Preview Assets.xcassets in Resources */,
				8D9FC6C528870BDE00AD9924 /* Assets.xcassets in Resources */,
			);
			runOnlyForDeploymentPostprocessing = 0;
		};
		8DBB7507288D182200CA0D75 /* Resources */ = {
			isa = PBXResourcesBuildPhase;
			buildActionMask = 2147483647;
			files = (
			);
			runOnlyForDeploymentPostprocessing = 0;
		};
/* End PBXResourcesBuildPhase section */

/* Begin PBXSourcesBuildPhase section */
		8D9FC6B928870BDC00AD9924 /* Sources */ = {
			isa = PBXSourcesBuildPhase;
			buildActionMask = 2147483647;
			files = (
				8D9FC6C328870BDC00AD9924 /* ContentView.swift in Sources */,
				8D9FC6E92887856800AD9924 /* Helpers.swift in Sources */,
				8D9FC6EE288786FF00AD9924 /* AppError.swift in Sources */,
				8DBB7500288D064B00CA0D75 /* AppState.swift in Sources */,
				8DBB7513288D229D00CA0D75 /* WeatherModel.swift in Sources */,
				8D9FC6E2288713DA00AD9924 /* CityWeatherModel.swift in Sources */,
				8D9FC6E42887162F00AD9924 /* CityWeatherViewModel.swift in Sources */,
				8DBB7504288D06D600CA0D75 /* AppAction.swift in Sources */,
				8DBB74FE288D062100CA0D75 /* Store.swift in Sources */,
				8D9FC6EC2887869A00AD9924 /* LoadWeatherRequest.swift in Sources */,
				8D9FC6C128870BDC00AD9924 /* WeatherDemoApp.swift in Sources */,
				8DBB7502288D06A000CA0D75 /* AppCommand.swift in Sources */,
				8D9FC6D428870E4400AD9924 /* CityList.swift in Sources */,
				8D9FC6D228870E3B00AD9924 /* CityCell.swift in Sources */,
			);
			runOnlyForDeploymentPostprocessing = 0;
		};
		8DBB7505288D182200CA0D75 /* Sources */ = {
			isa = PBXSourcesBuildPhase;
			buildActionMask = 2147483647;
			files = (
				8DBB750C288D182200CA0D75 /* weatherDemoTests.swift in Sources */,
			);
			runOnlyForDeploymentPostprocessing = 0;
		};
/* End PBXSourcesBuildPhase section */

/* Begin PBXTargetDependency section */
		8DBB750E288D182200CA0D75 /* PBXTargetDependency */ = {
			isa = PBXTargetDependency;
			target = 8D9FC6BC28870BDC00AD9924 /* weatherDemo */;
			targetProxy = 8DBB750D288D182200CA0D75 /* PBXContainerItemProxy */;
		};
/* End PBXTargetDependency section */

/* Begin XCBuildConfiguration section */
		8D9FC6C928870BDE00AD9924 /* Debug */ = {
			isa = XCBuildConfiguration;
			buildSettings = {
				ALWAYS_SEARCH_USER_PATHS = NO;
				CLANG_ANALYZER_NONNULL = YES;
				CLANG_ANALYZER_NUMBER_OBJECT_CONVERSION = YES_AGGRESSIVE;
				CLANG_CXX_LANGUAGE_STANDARD = "gnu++17";
				CLANG_ENABLE_MODULES = YES;
				CLANG_ENABLE_OBJC_ARC = YES;
				CLANG_ENABLE_OBJC_WEAK = YES;
				CLANG_WARN_BLOCK_CAPTURE_AUTORELEASING = YES;
				CLANG_WARN_BOOL_CONVERSION = YES;
				CLANG_WARN_COMMA = YES;
				CLANG_WARN_CONSTANT_CONVERSION = YES;
				CLANG_WARN_DEPRECATED_OBJC_IMPLEMENTATIONS = YES;
				CLANG_WARN_DIRECT_OBJC_ISA_USAGE = YES_ERROR;
				CLANG_WARN_DOCUMENTATION_COMMENTS = YES;
				CLANG_WARN_EMPTY_BODY = YES;
				CLANG_WARN_ENUM_CONVERSION = YES;
				CLANG_WARN_INFINITE_RECURSION = YES;
				CLANG_WARN_INT_CONVERSION = YES;
				CLANG_WARN_NON_LITERAL_NULL_CONVERSION = YES;
				CLANG_WARN_OBJC_IMPLICIT_RETAIN_SELF = YES;
				CLANG_WARN_OBJC_LITERAL_CONVERSION = YES;
				CLANG_WARN_OBJC_ROOT_CLASS = YES_ERROR;
				CLANG_WARN_QUOTED_INCLUDE_IN_FRAMEWORK_HEADER = YES;
				CLANG_WARN_RANGE_LOOP_ANALYSIS = YES;
				CLANG_WARN_STRICT_PROTOTYPES = YES;
				CLANG_WARN_SUSPICIOUS_MOVE = YES;
				CLANG_WARN_UNGUARDED_AVAILABILITY = YES_AGGRESSIVE;
				CLANG_WARN_UNREACHABLE_CODE = YES;
				CLANG_WARN__DUPLICATE_METHOD_MATCH = YES;
				COPY_PHASE_STRIP = NO;
				DEBUG_INFORMATION_FORMAT = dwarf;
				ENABLE_STRICT_OBJC_MSGSEND = YES;
				ENABLE_TESTABILITY = YES;
				GCC_C_LANGUAGE_STANDARD = gnu11;
				GCC_DYNAMIC_NO_PIC = NO;
				GCC_NO_COMMON_BLOCKS = YES;
				GCC_OPTIMIZATION_LEVEL = 0;
				GCC_PREPROCESSOR_DEFINITIONS = (
					"DEBUG=1",
					"$(inherited)",
				);
				GCC_WARN_64_TO_32_BIT_CONVERSION = YES;
				GCC_WARN_ABOUT_RETURN_TYPE = YES_ERROR;
				GCC_WARN_UNDECLARED_SELECTOR = YES;
				GCC_WARN_UNINITIALIZED_AUTOS = YES_AGGRESSIVE;
				GCC_WARN_UNUSED_FUNCTION = YES;
				GCC_WARN_UNUSED_VARIABLE = YES;
				IPHONEOS_DEPLOYMENT_TARGET = 15.5;
				MTL_ENABLE_DEBUG_INFO = INCLUDE_SOURCE;
				MTL_FAST_MATH = YES;
				ONLY_ACTIVE_ARCH = YES;
				SDKROOT = iphoneos;
				SWIFT_ACTIVE_COMPILATION_CONDITIONS = DEBUG;
				SWIFT_OPTIMIZATION_LEVEL = "-Onone";
			};
			name = Debug;
		};
		8D9FC6CA28870BDE00AD9924 /* Release */ = {
			isa = XCBuildConfiguration;
			buildSettings = {
				ALWAYS_SEARCH_USER_PATHS = NO;
				CLANG_ANALYZER_NONNULL = YES;
				CLANG_ANALYZER_NUMBER_OBJECT_CONVERSION = YES_AGGRESSIVE;
				CLANG_CXX_LANGUAGE_STANDARD = "gnu++17";
				CLANG_ENABLE_MODULES = YES;
				CLANG_ENABLE_OBJC_ARC = YES;
				CLANG_ENABLE_OBJC_WEAK = YES;
				CLANG_WARN_BLOCK_CAPTURE_AUTORELEASING = YES;
				CLANG_WARN_BOOL_CONVERSION = YES;
				CLANG_WARN_COMMA = YES;
				CLANG_WARN_CONSTANT_CONVERSION = YES;
				CLANG_WARN_DEPRECATED_OBJC_IMPLEMENTATIONS = YES;
				CLANG_WARN_DIRECT_OBJC_ISA_USAGE = YES_ERROR;
				CLANG_WARN_DOCUMENTATION_COMMENTS = YES;
				CLANG_WARN_EMPTY_BODY = YES;
				CLANG_WARN_ENUM_CONVERSION = YES;
				CLANG_WARN_INFINITE_RECURSION = YES;
				CLANG_WARN_INT_CONVERSION = YES;
				CLANG_WARN_NON_LITERAL_NULL_CONVERSION = YES;
				CLANG_WARN_OBJC_IMPLICIT_RETAIN_SELF = YES;
				CLANG_WARN_OBJC_LITERAL_CONVERSION = YES;
				CLANG_WARN_OBJC_ROOT_CLASS = YES_ERROR;
				CLANG_WARN_QUOTED_INCLUDE_IN_FRAMEWORK_HEADER = YES;
				CLANG_WARN_RANGE_LOOP_ANALYSIS = YES;
				CLANG_WARN_STRICT_PROTOTYPES = YES;
				CLANG_WARN_SUSPICIOUS_MOVE = YES;
				CLANG_WARN_UNGUARDED_AVAILABILITY = YES_AGGRESSIVE;
				CLANG_WARN_UNREACHABLE_CODE = YES;
				CLANG_WARN__DUPLICATE_METHOD_MATCH = YES;
				COPY_PHASE_STRIP = NO;
				DEBUG_INFORMATION_FORMAT = "dwarf-with-dsym";
				ENABLE_NS_ASSERTIONS = NO;
				ENABLE_STRICT_OBJC_MSGSEND = YES;
				GCC_C_LANGUAGE_STANDARD = gnu11;
				GCC_NO_COMMON_BLOCKS = YES;
				GCC_WARN_64_TO_32_BIT_CONVERSION = YES;
				GCC_WARN_ABOUT_RETURN_TYPE = YES_ERROR;
				GCC_WARN_UNDECLARED_SELECTOR = YES;
				GCC_WARN_UNINITIALIZED_AUTOS = YES_AGGRESSIVE;
				GCC_WARN_UNUSED_FUNCTION = YES;
				GCC_WARN_UNUSED_VARIABLE = YES;
				IPHONEOS_DEPLOYMENT_TARGET = 15.5;
				MTL_ENABLE_DEBUG_INFO = NO;
				MTL_FAST_MATH = YES;
				SDKROOT = iphoneos;
				SWIFT_COMPILATION_MODE = wholemodule;
				SWIFT_OPTIMIZATION_LEVEL = "-O";
				VALIDATE_PRODUCT = YES;
			};
			name = Release;
		};
		8D9FC6CC28870BDE00AD9924 /* Debug */ = {
			isa = XCBuildConfiguration;
			buildSettings = {
				ASSETCATALOG_COMPILER_APPICON_NAME = AppIcon;
				ASSETCATALOG_COMPILER_GLOBAL_ACCENT_COLOR_NAME = AccentColor;
				CODE_SIGN_STYLE = Automatic;
				CURRENT_PROJECT_VERSION = 1;
				DEVELOPMENT_ASSET_PATHS = "\"weatherDemo/Preview Content\"";
				ENABLE_PREVIEWS = YES;
				GENERATE_INFOPLIST_FILE = YES;
				INFOPLIST_FILE = weatherDemo/Info.plist;
				INFOPLIST_KEY_UIApplicationSceneManifest_Generation = YES;
				INFOPLIST_KEY_UIApplicationSupportsIndirectInputEvents = YES;
				INFOPLIST_KEY_UILaunchScreen_Generation = YES;
				INFOPLIST_KEY_UISupportedInterfaceOrientations_iPad = "UIInterfaceOrientationPortrait UIInterfaceOrientationPortraitUpsideDown UIInterfaceOrientationLandscapeLeft UIInterfaceOrientationLandscapeRight";
				INFOPLIST_KEY_UISupportedInterfaceOrientations_iPhone = "UIInterfaceOrientationPortrait UIInterfaceOrientationLandscapeLeft UIInterfaceOrientationLandscapeRight";
				LD_RUNPATH_SEARCH_PATHS = (
					"$(inherited)",
					"@executable_path/Frameworks",
				);
				MARKETING_VERSION = 1.0;
				PRODUCT_BUNDLE_IDENTIFIER = adsf.weatherDemo;
				PRODUCT_NAME = "$(TARGET_NAME)";
				SWIFT_EMIT_LOC_STRINGS = YES;
				SWIFT_VERSION = 5.0;
				TARGETED_DEVICE_FAMILY = "1,2";
			};
			name = Debug;
		};
		8D9FC6CD28870BDE00AD9924 /* Release */ = {
			isa = XCBuildConfiguration;
			buildSettings = {
				ASSETCATALOG_COMPILER_APPICON_NAME = AppIcon;
				ASSETCATALOG_COMPILER_GLOBAL_ACCENT_COLOR_NAME = AccentColor;
				CODE_SIGN_STYLE = Automatic;
				CURRENT_PROJECT_VERSION = 1;
				DEVELOPMENT_ASSET_PATHS = "\"weatherDemo/Preview Content\"";
				ENABLE_PREVIEWS = YES;
				GENERATE_INFOPLIST_FILE = YES;
				INFOPLIST_FILE = weatherDemo/Info.plist;
				INFOPLIST_KEY_UIApplicationSceneManifest_Generation = YES;
				INFOPLIST_KEY_UIApplicationSupportsIndirectInputEvents = YES;
				INFOPLIST_KEY_UILaunchScreen_Generation = YES;
				INFOPLIST_KEY_UISupportedInterfaceOrientations_iPad = "UIInterfaceOrientationPortrait UIInterfaceOrientationPortraitUpsideDown UIInterfaceOrientationLandscapeLeft UIInterfaceOrientationLandscapeRight";
				INFOPLIST_KEY_UISupportedInterfaceOrientations_iPhone = "UIInterfaceOrientationPortrait UIInterfaceOrientationLandscapeLeft UIInterfaceOrientationLandscapeRight";
				LD_RUNPATH_SEARCH_PATHS = (
					"$(inherited)",
					"@executable_path/Frameworks",
				);
				MARKETING_VERSION = 1.0;
				PRODUCT_BUNDLE_IDENTIFIER = adsf.weatherDemo;
				PRODUCT_NAME = "$(TARGET_NAME)";
				SWIFT_EMIT_LOC_STRINGS = YES;
				SWIFT_VERSION = 5.0;
				TARGETED_DEVICE_FAMILY = "1,2";
			};
			name = Release;
		};
		8DBB7510288D182200CA0D75 /* Debug */ = {
			isa = XCBuildConfiguration;
			buildSettings = {
				BUNDLE_LOADER = "$(TEST_HOST)";
				CODE_SIGN_STYLE = Automatic;
				CURRENT_PROJECT_VERSION = 1;
				GENERATE_INFOPLIST_FILE = YES;
				MARKETING_VERSION = 1.0;
				PRODUCT_BUNDLE_IDENTIFIER = adsf.weatherDemoTests;
				PRODUCT_NAME = "$(TARGET_NAME)";
				SWIFT_EMIT_LOC_STRINGS = NO;
				SWIFT_VERSION = 5.0;
				TARGETED_DEVICE_FAMILY = "1,2";
				TEST_HOST = "$(BUILT_PRODUCTS_DIR)/weatherDemo.app/weatherDemo";
			};
			name = Debug;
		};
		8DBB7511288D182200CA0D75 /* Release */ = {
			isa = XCBuildConfiguration;
			buildSettings = {
				BUNDLE_LOADER = "$(TEST_HOST)";
				CODE_SIGN_STYLE = Automatic;
				CURRENT_PROJECT_VERSION = 1;
				GENERATE_INFOPLIST_FILE = YES;
				MARKETING_VERSION = 1.0;
				PRODUCT_BUNDLE_IDENTIFIER = adsf.weatherDemoTests;
				PRODUCT_NAME = "$(TARGET_NAME)";
				SWIFT_EMIT_LOC_STRINGS = NO;
				SWIFT_VERSION = 5.0;
				TARGETED_DEVICE_FAMILY = "1,2";
				TEST_HOST = "$(BUILT_PRODUCTS_DIR)/weatherDemo.app/weatherDemo";
			};
			name = Release;
		};
/* End XCBuildConfiguration section */

/* Begin XCConfigurationList section */
		8D9FC6B828870BDC00AD9924 /* Build configuration list for PBXProject "weatherDemo" */ = {
			isa = XCConfigurationList;
			buildConfigurations = (
				8D9FC6C928870BDE00AD9924 /* Debug */,
				8D9FC6CA28870BDE00AD9924 /* Release */,
			);
			defaultConfigurationIsVisible = 0;
			defaultConfigurationName = Release;
		};
		8D9FC6CB28870BDE00AD9924 /* Build configuration list for PBXNativeTarget "weatherDemo" */ = {
			isa = XCConfigurationList;
			buildConfigurations = (
				8D9FC6CC28870BDE00AD9924 /* Debug */,
				8D9FC6CD28870BDE00AD9924 /* Release */,
			);
			defaultConfigurationIsVisible = 0;
			defaultConfigurationName = Release;
		};
		8DBB750F288D182200CA0D75 /* Build configuration list for PBXNativeTarget "weatherDemoTests" */ = {
			isa = XCConfigurationList;
			buildConfigurations = (
				8DBB7510288D182200CA0D75 /* Debug */,
				8DBB7511288D182200CA0D75 /* Release */,
			);
			defaultConfigurationIsVisible = 0;
			defaultConfigurationName = Release;
		};
/* End XCConfigurationList section */

/* Begin XCRemoteSwiftPackageReference section */
		8D9FC6D82887107200AD9924 /* XCRemoteSwiftPackageReference "Kingfisher" */ = {
			isa = XCRemoteSwiftPackageReference;
			repositoryURL = "https://github.com/onevcat/Kingfisher.git";
			requirement = {
				branch = master;
				kind = branch;
			};
		};
/* End XCRemoteSwiftPackageReference section */

/* Begin XCSwiftPackageProductDependency section */
		8D9FC6D92887107200AD9924 /* Kingfisher */ = {
			isa = XCSwiftPackageProductDependency;
			package = 8D9FC6D82887107200AD9924 /* XCRemoteSwiftPackageReference "Kingfisher" */;
			productName = Kingfisher;
		};
/* End XCSwiftPackageProductDependency section */
	};
	rootObject = 8D9FC6B528870BDC00AD9924 /* Project object */;
}
